// !$*UTF8*$!
{
	archiveVersion = 1;
	classes = {
	};
	objectVersion = 50;
	objects = {

/* Begin PBXBuildFile section */
		CFEF5FD521F0D6DA00D5B9E5 /* AppDelegate.swift in Sources */ = {isa = PBXBuildFile; fileRef = CFEF5FD421F0D6DA00D5B9E5 /* AppDelegate.swift */; };
		CFEF5FD721F0D6DA00D5B9E5 /* PhotoViewController.swift in Sources */ = {isa = PBXBuildFile; fileRef = CFEF5FD621F0D6DA00D5B9E5 /* PhotoViewController.swift */; };
		CFEF5FDA21F0D6DA00D5B9E5 /* Main.storyboard in Resources */ = {isa = PBXBuildFile; fileRef = CFEF5FD821F0D6DA00D5B9E5 /* Main.storyboard */; };
		CFEF5FDC21F0D6DB00D5B9E5 /* Assets.xcassets in Resources */ = {isa = PBXBuildFile; fileRef = CFEF5FDB21F0D6DB00D5B9E5 /* Assets.xcassets */; };
		CFEF5FDF21F0D6DB00D5B9E5 /* LaunchScreen.storyboard in Resources */ = {isa = PBXBuildFile; fileRef = CFEF5FDD21F0D6DB00D5B9E5 /* LaunchScreen.storyboard */; };
		CFEF5FEA21F0DA7900D5B9E5 /* UINavigationController+Ext.swift in Sources */ = {isa = PBXBuildFile; fileRef = CFEF5FE721F0DA7900D5B9E5 /* UINavigationController+Ext.swift */; };
		CFEF5FEB21F0DA7900D5B9E5 /* CustomConstraints.swift in Sources */ = {isa = PBXBuildFile; fileRef = CFEF5FE821F0DA7900D5B9E5 /* CustomConstraints.swift */; };
		CFEF5FEC21F0DA7900D5B9E5 /* UIColor+Ext.swift in Sources */ = {isa = PBXBuildFile; fileRef = CFEF5FE921F0DA7900D5B9E5 /* UIColor+Ext.swift */; };
		CFEF5FEE21F0F30700D5B9E5 /* PhotoHeaderView.swift in Sources */ = {isa = PBXBuildFile; fileRef = CFEF5FED21F0F30700D5B9E5 /* PhotoHeaderView.swift */; };
		CFEF5FF021F0F5E000D5B9E5 /* PhotoSelectorCell.swift in Sources */ = {isa = PBXBuildFile; fileRef = CFEF5FEF21F0F5E000D5B9E5 /* PhotoSelectorCell.swift */; };
		CFEF5FF221F225D400D5B9E5 /* HeaderLayout.swift in Sources */ = {isa = PBXBuildFile; fileRef = CFEF5FF121F225D400D5B9E5 /* HeaderLayout.swift */; };
/* End PBXBuildFile section */

/* Begin PBXFileReference section */
		CFEF5FD121F0D6DA00D5B9E5 /* PhotoReview.app */ = {isa = PBXFileReference; explicitFileType = wrapper.application; includeInIndex = 0; path = PhotoReview.app; sourceTree = BUILT_PRODUCTS_DIR; };
		CFEF5FD421F0D6DA00D5B9E5 /* AppDelegate.swift */ = {isa = PBXFileReference; lastKnownFileType = sourcecode.swift; path = AppDelegate.swift; sourceTree = "<group>"; };
		CFEF5FD621F0D6DA00D5B9E5 /* PhotoViewController.swift */ = {isa = PBXFileReference; lastKnownFileType = sourcecode.swift; path = PhotoViewController.swift; sourceTree = "<group>"; };
		CFEF5FD921F0D6DA00D5B9E5 /* Base */ = {isa = PBXFileReference; lastKnownFileType = file.storyboard; name = Base; path = Base.lproj/Main.storyboard; sourceTree = "<group>"; };
		CFEF5FDB21F0D6DB00D5B9E5 /* Assets.xcassets */ = {isa = PBXFileReference; lastKnownFileType = folder.assetcatalog; path = Assets.xcassets; sourceTree = "<group>"; };
		CFEF5FDE21F0D6DB00D5B9E5 /* Base */ = {isa = PBXFileReference; lastKnownFileType = file.storyboard; name = Base; path = Base.lproj/LaunchScreen.storyboard; sourceTree = "<group>"; };
		CFEF5FE021F0D6DB00D5B9E5 /* Info.plist */ = {isa = PBXFileReference; lastKnownFileType = text.plist.xml; path = Info.plist; sourceTree = "<group>"; };
		CFEF5FE721F0DA7900D5B9E5 /* UINavigationController+Ext.swift */ = {isa = PBXFileReference; fileEncoding = 4; lastKnownFileType = sourcecode.swift; path = "UINavigationController+Ext.swift"; sourceTree = "<group>"; };
		CFEF5FE821F0DA7900D5B9E5 /* CustomConstraints.swift */ = {isa = PBXFileReference; fileEncoding = 4; lastKnownFileType = sourcecode.swift; path = CustomConstraints.swift; sourceTree = "<group>"; };
		CFEF5FE921F0DA7900D5B9E5 /* UIColor+Ext.swift */ = {isa = PBXFileReference; fileEncoding = 4; lastKnownFileType = sourcecode.swift; path = "UIColor+Ext.swift"; sourceTree = "<group>"; };
		CFEF5FED21F0F30700D5B9E5 /* PhotoHeaderView.swift */ = {isa = PBXFileReference; lastKnownFileType = sourcecode.swift; path = PhotoHeaderView.swift; sourceTree = "<group>"; };
		CFEF5FEF21F0F5E000D5B9E5 /* PhotoSelectorCell.swift */ = {isa = PBXFileReference; lastKnownFileType = sourcecode.swift; path = PhotoSelectorCell.swift; sourceTree = "<group>"; };
		CFEF5FF121F225D400D5B9E5 /* HeaderLayout.swift */ = {isa = PBXFileReference; lastKnownFileType = sourcecode.swift; path = HeaderLayout.swift; sourceTree = "<group>"; };
/* End PBXFileReference section */

/* Begin PBXFrameworksBuildPhase section */
		CFEF5FCE21F0D6DA00D5B9E5 /* Frameworks */ = {
			isa = PBXFrameworksBuildPhase;
			buildActionMask = 2147483647;
			files = (
			);
			runOnlyForDeploymentPostprocessing = 0;
		};
/* End PBXFrameworksBuildPhase section */

/* Begin PBXGroup section */
		CFEF5FC821F0D6D900D5B9E5 = {
			isa = PBXGroup;
			children = (
				CFEF5FD321F0D6DA00D5B9E5 /* PhotoReview */,
				CFEF5FD221F0D6DA00D5B9E5 /* Products */,
			);
			sourceTree = "<group>";
		};
		CFEF5FD221F0D6DA00D5B9E5 /* Products */ = {
			isa = PBXGroup;
			children = (
				CFEF5FD121F0D6DA00D5B9E5 /* PhotoReview.app */,
			);
			name = Products;
			sourceTree = "<group>";
		};
		CFEF5FD321F0D6DA00D5B9E5 /* PhotoReview */ = {
			isa = PBXGroup;
			children = (
				CFEF5FD421F0D6DA00D5B9E5 /* AppDelegate.swift */,
				CFEF5FD621F0D6DA00D5B9E5 /* PhotoViewController.swift */,
				CFEF5FED21F0F30700D5B9E5 /* PhotoHeaderView.swift */,
				CFEF5FEF21F0F5E000D5B9E5 /* PhotoSelectorCell.swift */,
				CFEF5FD821F0D6DA00D5B9E5 /* Main.storyboard */,
				CFEF5FDB21F0D6DB00D5B9E5 /* Assets.xcassets */,
				CFEF5FDD21F0D6DB00D5B9E5 /* LaunchScreen.storyboard */,
				CFEF5FE021F0D6DB00D5B9E5 /* Info.plist */,
				CFEF5FE621F0DA7900D5B9E5 /* Utils */,
				CFEF5FF121F225D400D5B9E5 /* HeaderLayout.swift */,
			);
			path = PhotoReview;
			sourceTree = "<group>";
		};
		CFEF5FE621F0DA7900D5B9E5 /* Utils */ = {
			isa = PBXGroup;
			children = (
				CFEF5FE721F0DA7900D5B9E5 /* UINavigationController+Ext.swift */,
				CFEF5FE821F0DA7900D5B9E5 /* CustomConstraints.swift */,
				CFEF5FE921F0DA7900D5B9E5 /* UIColor+Ext.swift */,
			);
			path = Utils;
			sourceTree = "<group>";
		};
/* End PBXGroup section */

/* Begin PBXNativeTarget section */
		CFEF5FD021F0D6DA00D5B9E5 /* PhotoReview */ = {
			isa = PBXNativeTarget;
			buildConfigurationList = CFEF5FE321F0D6DB00D5B9E5 /* Build configuration list for PBXNativeTarget "PhotoReview" */;
			buildPhases = (
				CFEF5FCD21F0D6DA00D5B9E5 /* Sources */,
				CFEF5FCE21F0D6DA00D5B9E5 /* Frameworks */,
				CFEF5FCF21F0D6DA00D5B9E5 /* Resources */,
			);
			buildRules = (
			);
			dependencies = (
			);
			name = PhotoReview;
			productName = PhotoReview;
			productReference = CFEF5FD121F0D6DA00D5B9E5 /* PhotoReview.app */;
			productType = "com.apple.product-type.application";
		};
/* End PBXNativeTarget section */

/* Begin PBXProject section */
		CFEF5FC921F0D6D900D5B9E5 /* Project object */ = {
			isa = PBXProject;
			attributes = {
				LastSwiftUpdateCheck = 1010;
				LastUpgradeCheck = 1010;
				ORGANIZATIONNAME = "Hsuen-Ju Li";
				TargetAttributes = {
					CFEF5FD021F0D6DA00D5B9E5 = {
						CreatedOnToolsVersion = 10.1;
					};
				};
			};
			buildConfigurationList = CFEF5FCC21F0D6D900D5B9E5 /* Build configuration list for PBXProject "PhotoReview" */;
			compatibilityVersion = "Xcode 9.3";
			developmentRegion = en;
			hasScannedForEncodings = 0;
			knownRegions = (
				en,
				Base,
			);
			mainGroup = CFEF5FC821F0D6D900D5B9E5;
			productRefGroup = CFEF5FD221F0D6DA00D5B9E5 /* Products */;
			projectDirPath = "";
			projectRoot = "";
			targets = (
				CFEF5FD021F0D6DA00D5B9E5 /* PhotoReview */,
			);
		};
/* End PBXProject section */

/* Begin PBXResourcesBuildPhase section */
		CFEF5FCF21F0D6DA00D5B9E5 /* Resources */ = {
			isa = PBXResourcesBuildPhase;
			buildActionMask = 2147483647;
			files = (
				CFEF5FDF21F0D6DB00D5B9E5 /* LaunchScreen.storyboard in Resources */,
				CFEF5FDC21F0D6DB00D5B9E5 /* Assets.xcassets in Resources */,
				CFEF5FDA21F0D6DA00D5B9E5 /* Main.storyboard in Resources */,
			);
			runOnlyForDeploymentPostprocessing = 0;
		};
/* End PBXResourcesBuildPhase section */

/* Begin PBXSourcesBuildPhase section */
		CFEF5FCD21F0D6DA00D5B9E5 /* Sources */ = {
			isa = PBXSourcesBuildPhase;
			buildActionMask = 2147483647;
			files = (
				CFEF5FEE21F0F30700D5B9E5 /* PhotoHeaderView.swift in Sources */,
				CFEF5FD721F0D6DA00D5B9E5 /* PhotoViewController.swift in Sources */,
				CFEF5FEB21F0DA7900D5B9E5 /* CustomConstraints.swift in Sources */,
				CFEF5FEC21F0DA7900D5B9E5 /* UIColor+Ext.swift in Sources */,
				CFEF5FF221F225D400D5B9E5 /* HeaderLayout.swift in Sources */,
				CFEF5FD521F0D6DA00D5B9E5 /* AppDelegate.swift in Sources */,
				CFEF5FEA21F0DA7900D5B9E5 /* UINavigationController+Ext.swift in Sources */,
				CFEF5FF021F0F5E000D5B9E5 /* PhotoSelectorCell.swift in Sources */,
			);
			runOnlyForDeploymentPostprocessing = 0;
		};
/* End PBXSourcesBuildPhase section */

/* Begin PBXVariantGroup section */
		CFEF5FD821F0D6DA00D5B9E5 /* Main.storyboard */ = {
			isa = PBXVariantGroup;
			children = (
				CFEF5FD921F0D6DA00D5B9E5 /* Base */,
			);
			name = Main.storyboard;
			sourceTree = "<group>";
		};
		CFEF5FDD21F0D6DB00D5B9E5 /* LaunchScreen.storyboard */ = {
			isa = PBXVariantGroup;
			children = (
				CFEF5FDE21F0D6DB00D5B9E5 /* Base */,
			);
			name = LaunchScreen.storyboard;
			sourceTree = "<group>";
		};
/* End PBXVariantGroup section */

/* Begin XCBuildConfiguration section */
		CFEF5FE121F0D6DB00D5B9E5 /* Debug */ = {
			isa = XCBuildConfiguration;
			buildSettings = {
				ALWAYS_SEARCH_USER_PATHS = NO;
				CLANG_ANALYZER_NONNULL = YES;
				CLANG_ANALYZER_NUMBER_OBJECT_CONVERSION = YES_AGGRESSIVE;
				CLANG_CXX_LANGUAGE_STANDARD = "gnu++14";
				CLANG_CXX_LIBRARY = "libc++";
				CLANG_ENABLE_MODULES = YES;
				CLANG_ENABLE_OBJC_ARC = YES;
				CLANG_ENABLE_OBJC_WEAK = YES;
				CLANG_WARN_BLOCK_CAPTURE_AUTORELEASING = YES;
				CLANG_WARN_BOOL_CONVERSION = YES;
				CLANG_WARN_COMMA = YES;
				CLANG_WARN_CONSTANT_CONVERSION = YES;
				CLANG_WARN_DEPRECATED_OBJC_IMPLEMENTATIONS = YES;
				CLANG_WARN_DIRECT_OBJC_ISA_USAGE = YES_ERROR;
				CLANG_WARN_DOCUMENTATION_COMMENTS = YES;
				CLANG_WARN_EMPTY_BODY = YES;
				CLANG_WARN_ENUM_CONVERSION = YES;
				CLANG_WARN_INFINITE_RECURSION = YES;
				CLANG_WARN_INT_CONVERSION = YES;
				CLANG_WARN_NON_LITERAL_NULL_CONVERSION = YES;
				CLANG_WARN_OBJC_IMPLICIT_RETAIN_SELF = YES;
				CLANG_WARN_OBJC_LITERAL_CONVERSION = YES;
				CLANG_WARN_OBJC_ROOT_CLASS = YES_ERROR;
				CLANG_WARN_RANGE_LOOP_ANALYSIS = YES;
				CLANG_WARN_STRICT_PROTOTYPES = YES;
				CLANG_WARN_SUSPICIOUS_MOVE = YES;
				CLANG_WARN_UNGUARDED_AVAILABILITY = YES_AGGRESSIVE;
				CLANG_WARN_UNREACHABLE_CODE = YES;
				CLANG_WARN__DUPLICATE_METHOD_MATCH = YES;
				CODE_SIGN_IDENTITY = "iPhone Developer";
				COPY_PHASE_STRIP = NO;
				DEBUG_INFORMATION_FORMAT = dwarf;
				ENABLE_STRICT_OBJC_MSGSEND = YES;
				ENABLE_TESTABILITY = YES;
				GCC_C_LANGUAGE_STANDARD = gnu11;
				GCC_DYNAMIC_NO_PIC = NO;
				GCC_NO_COMMON_BLOCKS = YES;
				GCC_OPTIMIZATION_LEVEL = 0;
				GCC_PREPROCESSOR_DEFINITIONS = (
					"DEBUG=1",
					"$(inherited)",
				);
				GCC_WARN_64_TO_32_BIT_CONVERSION = YES;
				GCC_WARN_ABOUT_RETURN_TYPE = YES_ERROR;
				GCC_WARN_UNDECLARED_SELECTOR = YES;
				GCC_WARN_UNINITIALIZED_AUTOS = YES_AGGRESSIVE;
				GCC_WARN_UNUSED_FUNCTION = YES;
				GCC_WARN_UNUSED_VARIABLE = YES;
				IPHONEOS_DEPLOYMENT_TARGET = 12.1;
				MTL_ENABLE_DEBUG_INFO = INCLUDE_SOURCE;
				MTL_FAST_MATH = YES;
				ONLY_ACTIVE_ARCH = YES;
				SDKROOT = iphoneos;
				SWIFT_ACTIVE_COMPILATION_CONDITIONS = DEBUG;
				SWIFT_OPTIMIZATION_LEVEL = "-Onone";
			};
			name = Debug;
		};
		CFEF5FE221F0D6DB00D5B9E5 /* Release */ = {
			isa = XCBuildConfiguration;
			buildSettings = {
				ALWAYS_SEARCH_USER_PATHS = NO;
				CLANG_ANALYZER_NONNULL = YES;
				CLANG_ANALYZER_NUMBER_OBJECT_CONVERSION = YES_AGGRESSIVE;
				CLANG_CXX_LANGUAGE_STANDARD = "gnu++14";
				CLANG_CXX_LIBRARY = "libc++";
				CLANG_ENABLE_MODULES = YES;
				CLANG_ENABLE_OBJC_ARC = YES;
				CLANG_ENABLE_OBJC_WEAK = YES;
				CLANG_WARN_BLOCK_CAPTURE_AUTORELEASING = YES;
				CLANG_WARN_BOOL_CONVERSION = YES;
				CLANG_WARN_COMMA = YES;
				CLANG_WARN_CONSTANT_CONVERSION = YES;
				CLANG_WARN_DEPRECATED_OBJC_IMPLEMENTATIONS = YES;
				CLANG_WARN_DIRECT_OBJC_ISA_USAGE = YES_ERROR;
				CLANG_WARN_DOCUMENTATION_COMMENTS = YES;
				CLANG_WARN_EMPTY_BODY = YES;
				CLANG_WARN_ENUM_CONVERSION = YES;
				CLANG_WARN_INFINITE_RECURSION = YES;
				CLANG_WARN_INT_CONVERSION = YES;
				CLANG_WARN_NON_LITERAL_NULL_CONVERSION = YES;
				CLANG_WARN_OBJC_IMPLICIT_RETAIN_SELF = YES;
				CLANG_WARN_OBJC_LITERAL_CONVERSION = YES;
				CLANG_WARN_OBJC_ROOT_CLASS = YES_ERROR;
				CLANG_WARN_RANGE_LOOP_ANALYSIS = YES;
				CLANG_WARN_STRICT_PROTOTYPES = YES;
				CLANG_WARN_SUSPICIOUS_MOVE = YES;
				CLANG_WARN_UNGUARDED_AVAILABILITY = YES_AGGRESSIVE;
				CLANG_WARN_UNREACHABLE_CODE = YES;
				CLANG_WARN__DUPLICATE_METHOD_MATCH = YES;
				CODE_SIGN_IDENTITY = "iPhone Developer";
				COPY_PHASE_STRIP = NO;
				DEBUG_INFORMATION_FORMAT = "dwarf-with-dsym";
				ENABLE_NS_ASSERTIONS = NO;
				ENABLE_STRICT_OBJC_MSGSEND = YES;
				GCC_C_LANGUAGE_STANDARD = gnu11;
				GCC_NO_COMMON_BLOCKS = YES;
				GCC_WARN_64_TO_32_BIT_CONVERSION = YES;
				GCC_WARN_ABOUT_RETURN_TYPE = YES_ERROR;
				GCC_WARN_UNDECLARED_SELECTOR = YES;
				GCC_WARN_UNINITIALIZED_AUTOS = YES_AGGRESSIVE;
				GCC_WARN_UNUSED_FUNCTION = YES;
				GCC_WARN_UNUSED_VARIABLE = YES;
				IPHONEOS_DEPLOYMENT_TARGET = 12.1;
				MTL_ENABLE_DEBUG_INFO = NO;
				MTL_FAST_MATH = YES;
				SDKROOT = iphoneos;
				SWIFT_COMPILATION_MODE = wholemodule;
				SWIFT_OPTIMIZATION_LEVEL = "-O";
				VALIDATE_PRODUCT = YES;
			};
			name = Release;
		};
		CFEF5FE421F0D6DB00D5B9E5 /* Debug */ = {
			isa = XCBuildConfiguration;
			buildSettings = {
				ASSETCATALOG_COMPILER_APPICON_NAME = AppIcon;
				CODE_SIGN_STYLE = Automatic;
				DEVELOPMENT_TEAM = SUZY35U5GK;
				INFOPLIST_FILE = PhotoReview/Info.plist;
				LD_RUNPATH_SEARCH_PATHS = (
					"$(inherited)",
					"@executable_path/Frameworks",
				);
				PRODUCT_BUNDLE_IDENTIFIER = com.HsuenJuLi.PhotoReview;
				PRODUCT_NAME = "$(TARGET_NAME)";
				SWIFT_VERSION = 4.2;
				TARGETED_DEVICE_FAMILY = "1,2";
			};
			name = Debug;
		};
		CFEF5FE521F0D6DB00D5B9E5 /* Release */ = {
			isa = XCBuildConfiguration;
			buildSettings = {
				ASSETCATALOG_COMPILER_APPICON_NAME = AppIcon;
				CODE_SIGN_STYLE = Automatic;
				DEVELOPMENT_TEAM = SUZY35U5GK;
				INFOPLIST_FILE = PhotoReview/Info.plist;
				LD_RUNPATH_SEARCH_PATHS = (
					"$(inherited)",
					"@executable_path/Frameworks",
				);
				PRODUCT_BUNDLE_IDENTIFIER = com.HsuenJuLi.PhotoReview;
				PRODUCT_NAME = "$(TARGET_NAME)";
				SWIFT_VERSION = 4.2;
				TARGETED_DEVICE_FAMILY = "1,2";
			};
			name = Release;
		};
/* End XCBuildConfiguration section */

/* Begin XCConfigurationList section */
		CFEF5FCC21F0D6D900D5B9E5 /* Build configuration list for PBXProject "PhotoReview" */ = {
			isa = XCConfigurationList;
			buildConfigurations = (
				CFEF5FE121F0D6DB00D5B9E5 /* Debug */,
				CFEF5FE221F0D6DB00D5B9E5 /* Release */,
			);
			defaultConfigurationIsVisible = 0;
			defaultConfigurationName = Release;
		};
		CFEF5FE321F0D6DB00D5B9E5 /* Build configuration list for PBXNativeTarget "PhotoReview" */ = {
			isa = XCConfigurationList;
			buildConfigurations = (
				CFEF5FE421F0D6DB00D5B9E5 /* Debug */,
				CFEF5FE521F0D6DB00D5B9E5 /* Release */,
			);
			defaultConfigurationIsVisible = 0;
			defaultConfigurationName = Release;
		};
/* End XCConfigurationList section */
	};
	rootObject = CFEF5FC921F0D6D900D5B9E5 /* Project object */;
}
